
Microsoft Visual Studio Solution File, Format Version 12.00
# Visual Studio Version 16
VisualStudioVersion = 16.0.32126.315
MinimumVisualStudioVersion = 10.0.40219.1
Project("{8BC9CEB8-8B4A-11D0-8D11-00A0C91BC942}") = "AbsoluteDiff1", "AbsoluteDiff1\AbsoluteDiff1.vcxproj", "{7DDFF2E8-7C93-47DD-BB32-75FC620AA3F9}"
EndProject
Global
	GlobalSection(SolutionConfigurationPlatforms) = preSolution
		Debug|x64 = Debug|x64
		Debug|x86 = Debug|x86
		Release|x64 = Release|x64
		Release|x86 = Release|x86
	EndGlobalSection
	GlobalSection(ProjectConfigurationPlatforms) = postSolution
		{7DDFF2E8-7C93-47DD-BB32-75FC620AA3F9}.Debug|x64.ActiveCfg = Debug|x64
		{7DDFF2E8-7C93-47DD-BB32-75FC620AA3F9}.Debug|x64.Build.0 = Debug|x64
		{7DDFF2E8-7C93-47DD-BB32-75FC620AA3F9}.Debug|x86.ActiveCfg = Debug|Win32
		{7DDFF2E8-7C93-47DD-BB32-75FC620AA3F9}.Debug|x86.Build.0 = Debug|Win32
		{7DDFF2E8-7C93-47DD-BB32-75FC620AA3F9}.Release|x64.ActiveCfg = Release|x64
		{7DDFF2E8-7C93-47DD-BB32-75FC620AA3F9}.Release|x64.Build.0 = Release|x64
		{7DDFF2E8-7C93-47DD-BB32-75FC620AA3F9}.Release|x86.ActiveCfg = Release|Win32
		{7DDFF2E8-7C93-47DD-BB32-75FC620AA3F9}.Release|x86.Build.0 = Release|Win32
	EndGlobalSection
	GlobalSection(SolutionProperties) = preSolution
		HideSolutionNode = FALSE
	EndGlobalSection
	GlobalSection(ExtensibilityGlobals) = postSolution
		SolutionGuid = {8650F0FC-DF82-42DE-80A6-AF47D030C968}
	EndGlobalSection
EndGlobal
